
Microsoft Visual Studio Solution File, Format Version 12.00
# Visual Studio Version 17
VisualStudioVersion = 17.0.31903.59
MinimumVisualStudioVersion = 10.0.40219.1
Project("{FAE04EC0-301F-11D3-BF4B-00C04F79EFBC}") = "Jellyfin.Plugin.ThemeManager", "Jellyfin.Plugin.ThemeManager\Jellyfin.Plugin.ThemeManager.csproj", "{AC48F4EA-9448-4520-A515-350CDA71679D}"
EndProject
Project("{2150E333-8FDC-42A3-9474-1A3956D46DE8}") = "tests", "tests", "{0AB3BF05-4346-4AA6-1389-037BE0695223}"
EndProject
Project("{FAE04EC0-301F-11D3-BF4B-00C04F79EFBC}") = "Jellyfin.Plugin.ThemeManager.Tests", "tests\Jellyfin.Plugin.ThemeManager.Tests\Jellyfin.Plugin.ThemeManager.Tests.csproj", "{67909C92-2C84-4548-9BF8-655F69AD8248}"
EndProject
Global
	GlobalSection(SolutionConfigurationPlatforms) = preSolution
		Debug|Any CPU = Debug|Any CPU
		Debug|x64 = Debug|x64
		Debug|x86 = Debug|x86
		Release|Any CPU = Release|Any CPU
		Release|x64 = Release|x64
		Release|x86 = Release|x86
	EndGlobalSection
	GlobalSection(ProjectConfigurationPlatforms) = postSolution
		{AC48F4EA-9448-4520-A515-350CDA71679D}.Debug|Any CPU.ActiveCfg = Debug|Any CPU
		{AC48F4EA-9448-4520-A515-350CDA71679D}.Debug|Any CPU.Build.0 = Debug|Any CPU
		{AC48F4EA-9448-4520-A515-350CDA71679D}.Debug|x64.ActiveCfg = Debug|Any CPU
		{AC48F4EA-9448-4520-A515-350CDA71679D}.Debug|x64.Build.0 = Debug|Any CPU
		{AC48F4EA-9448-4520-A515-350CDA71679D}.Debug|x86.ActiveCfg = Debug|Any CPU
		{AC48F4EA-9448-4520-A515-350CDA71679D}.Debug|x86.Build.0 = Debug|Any CPU
		{AC48F4EA-9448-4520-A515-350CDA71679D}.Release|Any CPU.ActiveCfg = Release|Any CPU
		{AC48F4EA-9448-4520-A515-350CDA71679D}.Release|Any CPU.Build.0 = Release|Any CPU
		{AC48F4EA-9448-4520-A515-350CDA71679D}.Release|x64.ActiveCfg = Release|Any CPU
		{AC48F4EA-9448-4520-A515-350CDA71679D}.Release|x64.Build.0 = Release|Any CPU
		{AC48F4EA-9448-4520-A515-350CDA71679D}.Release|x86.ActiveCfg = Release|Any CPU
		{AC48F4EA-9448-4520-A515-350CDA71679D}.Release|x86.Build.0 = Release|Any CPU
		{67909C92-2C84-4548-9BF8-655F69AD8248}.Debug|Any CPU.ActiveCfg = Debug|Any CPU
		{67909C92-2C84-4548-9BF8-655F69AD8248}.Debug|Any CPU.Build.0 = Debug|Any CPU
		{67909C92-2C84-4548-9BF8-655F69AD8248}.Debug|x64.ActiveCfg = Debug|Any CPU
		{67909C92-2C84-4548-9BF8-655F69AD8248}.Debug|x64.Build.0 = Debug|Any CPU
		{67909C92-2C84-4548-9BF8-655F69AD8248}.Debug|x86.ActiveCfg = Debug|Any CPU
		{67909C92-2C84-4548-9BF8-655F69AD8248}.Debug|x86.Build.0 = Debug|Any CPU
		{67909C92-2C84-4548-9BF8-655F69AD8248}.Release|Any CPU.ActiveCfg = Release|Any CPU
		{67909C92-2C84-4548-9BF8-655F69AD8248}.Release|Any CPU.Build.0 = Release|Any CPU
		{67909C92-2C84-4548-9BF8-655F69AD8248}.Release|x64.ActiveCfg = Release|Any CPU
		{67909C92-2C84-4548-9BF8-655F69AD8248}.Release|x64.Build.0 = Release|Any CPU
		{67909C92-2C84-4548-9BF8-655F69AD8248}.Release|x86.ActiveCfg = Release|Any CPU
		{67909C92-2C84-4548-9BF8-655F69AD8248}.Release|x86.Build.0 = Release|Any CPU
	EndGlobalSection
	GlobalSection(SolutionProperties) = preSolution
		HideSolutionNode = FALSE
	EndGlobalSection
	GlobalSection(NestedProjects) = preSolution
		{67909C92-2C84-4548-9BF8-655F69AD8248} = {0AB3BF05-4346-4AA6-1389-037BE0695223}
	EndGlobalSection
EndGlobal
